{
  "name": "note",
  "version": "1.0.0",
  "lockfileVersion": 1,
  "requires": true,
  "dependencies": {
    "preload-js": {
      "version": "0.6.3",
      "resolved": "http://registry.npm.taobao.org/preload-js/download/preload-js-0.6.3.tgz",
      "integrity": "sha1-3LS3wOGC27ziZ3rU8s+u4uJbTfc="
    }
  }
}
